
Microsoft Visual Studio Solution File, Format Version 12.00
# Visual Studio Version 17
VisualStudioVersion = 17.9.34622.214
MinimumVisualStudioVersion = 10.0.40219.1
Project("{2150E333-8FDC-42A3-9474-1A3956D46DE8}") = "Core", "Core", "{CA07E878-15E3-42F6-8550-1E77B9CAD8DA}"
EndProject
Project("{2150E333-8FDC-42A3-9474-1A3956D46DE8}") = "Infrastructure", "Infrastructure", "{0940BEBE-12B0-4B6C-9D2C-329D120C5FF0}"
EndProject
Project("{2150E333-8FDC-42A3-9474-1A3956D46DE8}") = "Presenttation", "Presenttation", "{B3E9CFEB-72DE-45FA-B4E6-45F7C627E683}"
EndProject
Project("{FAE04EC0-301F-11D3-BF4B-00C04F79EFBC}") = "Application", "Core\Application\Application.csproj", "{954759DA-664E-4EC6-81A6-83EECA9F278C}"
EndProject
Project("{FAE04EC0-301F-11D3-BF4B-00C04F79EFBC}") = "Domain", "Core\Domain\Domain.csproj", "{B2616A83-75F9-4148-A805-FFBA2D13BE99}"
EndProject
Project("{FAE04EC0-301F-11D3-BF4B-00C04F79EFBC}") = "Infrastructure", "Infrastructure\Infrastructure\Infrastructure.csproj", "{F08E4889-E05E-45BF-8529-844DF77CC46B}"
EndProject
Project("{FAE04EC0-301F-11D3-BF4B-00C04F79EFBC}") = "Persistence", "Infrastructure\Persistence\Persistence.csproj", "{78EA69AC-302B-421F-8109-8B05E92ABF2B}"
EndProject
Project("{FAE04EC0-301F-11D3-BF4B-00C04F79EFBC}") = "Main_Api", "Presentation\Main_Api\Main_Api.csproj", "{F005B7A0-91DF-4881-94FC-6B89A4BBFA79}"
EndProject
Global
	GlobalSection(SolutionConfigurationPlatforms) = preSolution
		Debug|Any CPU = Debug|Any CPU
		Release|Any CPU = Release|Any CPU
	EndGlobalSection
	GlobalSection(ProjectConfigurationPlatforms) = postSolution
		{954759DA-664E-4EC6-81A6-83EECA9F278C}.Debug|Any CPU.ActiveCfg = Debug|Any CPU
		{954759DA-664E-4EC6-81A6-83EECA9F278C}.Debug|Any CPU.Build.0 = Debug|Any CPU
		{954759DA-664E-4EC6-81A6-83EECA9F278C}.Release|Any CPU.ActiveCfg = Release|Any CPU
		{954759DA-664E-4EC6-81A6-83EECA9F278C}.Release|Any CPU.Build.0 = Release|Any CPU
		{B2616A83-75F9-4148-A805-FFBA2D13BE99}.Debug|Any CPU.ActiveCfg = Debug|Any CPU
		{B2616A83-75F9-4148-A805-FFBA2D13BE99}.Debug|Any CPU.Build.0 = Debug|Any CPU
		{B2616A83-75F9-4148-A805-FFBA2D13BE99}.Release|Any CPU.ActiveCfg = Release|Any CPU
		{B2616A83-75F9-4148-A805-FFBA2D13BE99}.Release|Any CPU.Build.0 = Release|Any CPU
		{F08E4889-E05E-45BF-8529-844DF77CC46B}.Debug|Any CPU.ActiveCfg = Debug|Any CPU
		{F08E4889-E05E-45BF-8529-844DF77CC46B}.Debug|Any CPU.Build.0 = Debug|Any CPU
		{F08E4889-E05E-45BF-8529-844DF77CC46B}.Release|Any CPU.ActiveCfg = Release|Any CPU
		{F08E4889-E05E-45BF-8529-844DF77CC46B}.Release|Any CPU.Build.0 = Release|Any CPU
		{78EA69AC-302B-421F-8109-8B05E92ABF2B}.Debug|Any CPU.ActiveCfg = Debug|Any CPU
		{78EA69AC-302B-421F-8109-8B05E92ABF2B}.Debug|Any CPU.Build.0 = Debug|Any CPU
		{78EA69AC-302B-421F-8109-8B05E92ABF2B}.Release|Any CPU.ActiveCfg = Release|Any CPU
		{78EA69AC-302B-421F-8109-8B05E92ABF2B}.Release|Any CPU.Build.0 = Release|Any CPU
		{F005B7A0-91DF-4881-94FC-6B89A4BBFA79}.Debug|Any CPU.ActiveCfg = Debug|Any CPU
		{F005B7A0-91DF-4881-94FC-6B89A4BBFA79}.Debug|Any CPU.Build.0 = Debug|Any CPU
		{F005B7A0-91DF-4881-94FC-6B89A4BBFA79}.Release|Any CPU.ActiveCfg = Release|Any CPU
		{F005B7A0-91DF-4881-94FC-6B89A4BBFA79}.Release|Any CPU.Build.0 = Release|Any CPU
	EndGlobalSection
	GlobalSection(SolutionProperties) = preSolution
		HideSolutionNode = FALSE
	EndGlobalSection
	GlobalSection(NestedProjects) = preSolution
		{954759DA-664E-4EC6-81A6-83EECA9F278C} = {CA07E878-15E3-42F6-8550-1E77B9CAD8DA}
		{B2616A83-75F9-4148-A805-FFBA2D13BE99} = {CA07E878-15E3-42F6-8550-1E77B9CAD8DA}
		{F08E4889-E05E-45BF-8529-844DF77CC46B} = {0940BEBE-12B0-4B6C-9D2C-329D120C5FF0}
		{78EA69AC-302B-421F-8109-8B05E92ABF2B} = {0940BEBE-12B0-4B6C-9D2C-329D120C5FF0}
		{F005B7A0-91DF-4881-94FC-6B89A4BBFA79} = {B3E9CFEB-72DE-45FA-B4E6-45F7C627E683}
	EndGlobalSection
	GlobalSection(ExtensibilityGlobals) = postSolution
		SolutionGuid = {2A8EB443-9537-4F55-9467-A9D59A510439}
	EndGlobalSection
EndGlobal
